
Microsoft Visual Studio Solution File, Format Version 12.00
# Visual Studio Version 16
VisualStudioVersion = 16.0.30804.86
MinimumVisualStudioVersion = 10.0.40219.1
Project("{FAE04EC0-301F-11D3-BF4B-00C04F79EFBC}") = "ConsoleApp5", "ConsoleApp5\ConsoleApp5.csproj", "{79D6097D-49C5-4734-BCF0-9CB9D7722033}"
EndProject
Global
	GlobalSection(SolutionConfigurationPlatforms) = preSolution
		Debug|Any CPU = Debug|Any CPU
		Release|Any CPU = Release|Any CPU
	EndGlobalSection
	GlobalSection(ProjectConfigurationPlatforms) = postSolution
		{79D6097D-49C5-4734-BCF0-9CB9D7722033}.Debug|Any CPU.ActiveCfg = Debug|Any CPU
		{79D6097D-49C5-4734-BCF0-9CB9D7722033}.Debug|Any CPU.Build.0 = Debug|Any CPU
		{79D6097D-49C5-4734-BCF0-9CB9D7722033}.Release|Any CPU.ActiveCfg = Release|Any CPU
		{79D6097D-49C5-4734-BCF0-9CB9D7722033}.Release|Any CPU.Build.0 = Release|Any CPU
	EndGlobalSection
	GlobalSection(SolutionProperties) = preSolution
		HideSolutionNode = FALSE
	EndGlobalSection
	GlobalSection(ExtensibilityGlobals) = postSolution
		SolutionGuid = {EABD39BE-4298-4F01-AA9F-060FFEF8EA74}
	EndGlobalSection
EndGlobal
